
Microsoft Visual Studio Solution File, Format Version 12.00
# Visual Studio Version 16
VisualStudioVersion = 16.0.29509.3
MinimumVisualStudioVersion = 10.0.40219.1
Project("{FAE04EC0-301F-11D3-BF4B-00C04F79EFBC}") = "ReadFromTopicSubscription", "ReadFromTopicSubscription.csproj", "{D985A92D-B7CD-48FF-96C2-001C46F28C6E}"
EndProject
Global
	GlobalSection(SolutionConfigurationPlatforms) = preSolution
		Debug|Any CPU = Debug|Any CPU
		Release|Any CPU = Release|Any CPU
	EndGlobalSection
	GlobalSection(ProjectConfigurationPlatforms) = postSolution
		{D985A92D-B7CD-48FF-96C2-001C46F28C6E}.Debug|Any CPU.ActiveCfg = Debug|Any CPU
		{D985A92D-B7CD-48FF-96C2-001C46F28C6E}.Debug|Any CPU.Build.0 = Debug|Any CPU
		{D985A92D-B7CD-48FF-96C2-001C46F28C6E}.Release|Any CPU.ActiveCfg = Release|Any CPU
		{D985A92D-B7CD-48FF-96C2-001C46F28C6E}.Release|Any CPU.Build.0 = Release|Any CPU
	EndGlobalSection
	GlobalSection(SolutionProperties) = preSolution
		HideSolutionNode = FALSE
	EndGlobalSection
	GlobalSection(ExtensibilityGlobals) = postSolution
		SolutionGuid = {FF8F00D2-50D1-4C64-B064-74A0F1AD31E7}
	EndGlobalSection
EndGlobal
